Microsoft Visual Studio Solution File, Format Version 12.00
# Visual Studio Version 17
VisualStudioVersion = 17.5.2.0
MinimumVisualStudioVersion = 10.0.40219.1
Project("{FAE04EC0-301F-11D3-BF4B-00C04F79EFBC}") = "Chapter.Web.API", "Chapter.Web.API.csproj", "{6BBC4A95-733A-6D55-9115-226A2257813E}"
EndProject
Global
	GlobalSection(SolutionConfigurationPlatforms) = preSolution
		Debug|Any CPU = Debug|Any CPU
		Release|Any CPU = Release|Any CPU
	EndGlobalSection
	GlobalSection(ProjectConfigurationPlatforms) = postSolution
		{6BBC4A95-733A-6D55-9115-226A2257813E}.Debug|Any CPU.ActiveCfg = Debug|Any CPU
		{6BBC4A95-733A-6D55-9115-226A2257813E}.Debug|Any CPU.Build.0 = Debug|Any CPU
		{6BBC4A95-733A-6D55-9115-226A2257813E}.Release|Any CPU.ActiveCfg = Release|Any CPU
		{6BBC4A95-733A-6D55-9115-226A2257813E}.Release|Any CPU.Build.0 = Release|Any CPU
	EndGlobalSection
	GlobalSection(SolutionProperties) = preSolution
		HideSolutionNode = FALSE
	EndGlobalSection
	GlobalSection(ExtensibilityGlobals) = postSolution
		SolutionGuid = {9BB7141E-5EA0-4D21-8C4F-0D9E2924A3B5}
	EndGlobalSection
EndGlobal
